
Microsoft Visual Studio Solution File, Format Version 12.00
# Visual Studio 14
VisualStudioVersion = 14.0.25420.1
MinimumVisualStudioVersion = 10.0.40219.1
Project("{FAE04EC0-301F-11D3-BF4B-00C04F79EFBC}") = "Runner", "Runner\Runner.csproj", "{7D2B991E-94D6-4612-80C3-7CB2A7714529}"
EndProject
Project("{FAE04EC0-301F-11D3-BF4B-00C04F79EFBC}") = "Runner.Services", "Runner.Services\Runner.Services.csproj", "{13894374-D1B7-444E-8BB2-9DB600A63390}"
EndProject
Project("{FAE04EC0-301F-11D3-BF4B-00C04F79EFBC}") = "Runner.Services.Test", "Runner.Services.Test\Runner.Services.Test.csproj", "{976959C9-6955-4D8D-AC8B-39140519AED2}"
EndProject
Global
	GlobalSection(SolutionConfigurationPlatforms) = preSolution
		Debug|Any CPU = Debug|Any CPU
		Release|Any CPU = Release|Any CPU
	EndGlobalSection
	GlobalSection(ProjectConfigurationPlatforms) = postSolution
		{7D2B991E-94D6-4612-80C3-7CB2A7714529}.Debug|Any CPU.ActiveCfg = Debug|Any CPU
		{7D2B991E-94D6-4612-80C3-7CB2A7714529}.Debug|Any CPU.Build.0 = Debug|Any CPU
		{7D2B991E-94D6-4612-80C3-7CB2A7714529}.Release|Any CPU.ActiveCfg = Release|Any CPU
		{7D2B991E-94D6-4612-80C3-7CB2A7714529}.Release|Any CPU.Build.0 = Release|Any CPU
		{13894374-D1B7-444E-8BB2-9DB600A63390}.Debug|Any CPU.ActiveCfg = Debug|Any CPU
		{13894374-D1B7-444E-8BB2-9DB600A63390}.Debug|Any CPU.Build.0 = Debug|Any CPU
		{13894374-D1B7-444E-8BB2-9DB600A63390}.Release|Any CPU.ActiveCfg = Release|Any CPU
		{13894374-D1B7-444E-8BB2-9DB600A63390}.Release|Any CPU.Build.0 = Release|Any CPU
		{976959C9-6955-4D8D-AC8B-39140519AED2}.Debug|Any CPU.ActiveCfg = Debug|Any CPU
		{976959C9-6955-4D8D-AC8B-39140519AED2}.Debug|Any CPU.Build.0 = Debug|Any CPU
		{976959C9-6955-4D8D-AC8B-39140519AED2}.Release|Any CPU.ActiveCfg = Release|Any CPU
		{976959C9-6955-4D8D-AC8B-39140519AED2}.Release|Any CPU.Build.0 = Release|Any CPU
	EndGlobalSection
	GlobalSection(SolutionProperties) = preSolution
		HideSolutionNode = FALSE
	EndGlobalSection
EndGlobal
